# This file is generated by running "yarn install" inside your project.
# Manual changes might be lost - proceed with caution!

__metadata:
  version: 8
  cacheKey: 10c0

"@barelyhuman/prettier-config@workspace:.":
  version: 0.0.0-use.local
  resolution: "@barelyhuman/prettier-config@workspace:."
  dependencies:
    prettier: "npm:^2.0.5"
  languageName: unknown
  linkType: soft

"prettier@npm:^2.0.5":
  version: 2.8.8
  resolution: "prettier@npm:2.8.8"
  bin:
    prettier: bin-prettier.js
  checksum: 10c0/463ea8f9a0946cd5b828d8cf27bd8b567345cf02f56562d5ecde198b91f47a76b7ac9eae0facd247ace70e927143af6135e8cf411986b8cb8478784a4d6d724a
  languageName: node
  linkType: hard
